{
  "nodes": {
    "nix-bore": {
      "inputs": {
        "nixpkgs": "nixpkgs"
      },
      "locked": {
        "dirtyRev": "acebf5fc1da274684623464583af5bb00b951cfa-dirty",
        "dirtyShortRev": "acebf5f-dirty",
        "lastModified": 1765945961,
        "narHash": "sha256-NbNCPB09RwMT5uE0cX3D96BHquoxhVpeeMreHk8MoOo=",
        "type": "git",
        "url": "file:///home/zsuper/fun/nix-bore"
      },
      "original": {
        "type": "git",
        "url": "file:///home/zsuper/fun/nix-bore"
      }
    },
    "nixpkgs": {
      "locked": {
        "lastModified": 1765779637,
        "narHash": "sha256-KJ2wa/BLSrTqDjbfyNx70ov/HdgNBCBBSQP3BIzKnv4=",
        "owner": "nixos",
        "repo": "nixpkgs",
        "rev": "1306659b587dc277866c7b69eb97e5f07864d8c4",
        "type": "github"
      },
      "original": {
        "owner": "nixos",
        "ref": "nixos-unstable",
        "repo": "nixpkgs",
        "type": "github"
      }
    },
    "nixpkgs_2": {
      "locked": {
        "lastModified": 1765779637,
        "narHash": "sha256-KJ2wa/BLSrTqDjbfyNx70ov/HdgNBCBBSQP3BIzKnv4=",
        "owner": "nixos",
        "repo": "nixpkgs",
        "rev": "1306659b587dc277866c7b69eb97e5f07864d8c4",
        "type": "github"
      },
      "original": {
        "owner": "nixos",
        "ref": "nixos-unstable",
        "repo": "nixpkgs",
        "type": "github"
      }
    },
    "root": {
      "inputs": {
        "nix-bore": "nix-bore",
        "nixpkgs": "nixpkgs_2"
      }
    }
  },
  "root": "root",
  "version": 7
}
