{
  "nodes": {
    "nix-bore": {
      "inputs": {
        "nixpkgs": "nixpkgs"
      },
      "locked": {
        "dirtyRev": "9c94d0aab7ef53a51ede6d565c3d97e4ea11d2f3-dirty",
        "dirtyShortRev": "9c94d0a-dirty",
        "lastModified": 1765952209,
        "narHash": "sha256-TOS69QjyYQdh8+jmuL32g4W+BLv8St7+uhkAnfhJk/8=",
        "type": "git",
        "url": "file:///home/zsuper/fun/nix-bore"
      },
      "original": {
        "type": "git",
        "url": "file:///home/zsuper/fun/nix-bore"
      }
    },
    "nixpkgs": {
      "locked": {
        "lastModified": 1765779637,
        "narHash": "sha256-KJ2wa/BLSrTqDjbfyNx70ov/HdgNBCBBSQP3BIzKnv4=",
        "owner": "nixos",
        "repo": "nixpkgs",
        "rev": "1306659b587dc277866c7b69eb97e5f07864d8c4",
        "type": "github"
      },
      "original": {
        "owner": "nixos",
        "ref": "nixos-unstable",
        "repo": "nixpkgs",
        "type": "github"
      }
    },
    "nixpkgs_2": {
      "locked": {
        "lastModified": 1765779637,
        "narHash": "sha256-KJ2wa/BLSrTqDjbfyNx70ov/HdgNBCBBSQP3BIzKnv4=",
        "owner": "nixos",
        "repo": "nixpkgs",
        "rev": "1306659b587dc277866c7b69eb97e5f07864d8c4",
        "type": "github"
      },
      "original": {
        "owner": "nixos",
        "ref": "nixos-unstable",
        "repo": "nixpkgs",
        "type": "github"
      }
    },
    "root": {
      "inputs": {
        "nix-bore": "nix-bore",
        "nixpkgs": "nixpkgs_2"
      }
    }
  },
  "root": "root",
  "version": 7
}
